
Microsoft Visual Studio Solution File, Format Version 11.00
# Visual Studio 2010
Project("{FAE04EC0-301F-11D3-BF4B-00C04F79EFBC}") = "Fianl Project", "Assembly-CSharp.csproj", "{091DE980-979F-F958-212E-DD744FE7BBC9}"
EndProject
Project("{FAE04EC0-301F-11D3-BF4B-00C04F79EFBC}") = "Fianl Project", "Assembly-CSharp-Editor.csproj", "{17CEF44B-22F5-3E32-4E80-A0FDC25E9C4F}"
EndProject
Global
	GlobalSection(SolutionConfigurationPlatforms) = preSolution
		Debug|Any CPU = Debug|Any CPU
		Release|Any CPU = Release|Any CPU
	EndGlobalSection
	GlobalSection(ProjectConfigurationPlatforms) = postSolution
		{091DE980-979F-F958-212E-DD744FE7BBC9}.Debug|Any CPU.ActiveCfg = Debug|Any CPU
		{091DE980-979F-F958-212E-DD744FE7BBC9}.Debug|Any CPU.Build.0 = Debug|Any CPU
		{091DE980-979F-F958-212E-DD744FE7BBC9}.Release|Any CPU.ActiveCfg = Release|Any CPU
		{091DE980-979F-F958-212E-DD744FE7BBC9}.Release|Any CPU.Build.0 = Release|Any CPU
		{17CEF44B-22F5-3E32-4E80-A0FDC25E9C4F}.Debug|Any CPU.ActiveCfg = Debug|Any CPU
		{17CEF44B-22F5-3E32-4E80-A0FDC25E9C4F}.Debug|Any CPU.Build.0 = Debug|Any CPU
		{17CEF44B-22F5-3E32-4E80-A0FDC25E9C4F}.Release|Any CPU.ActiveCfg = Release|Any CPU
		{17CEF44B-22F5-3E32-4E80-A0FDC25E9C4F}.Release|Any CPU.Build.0 = Release|Any CPU
	EndGlobalSection
	GlobalSection(SolutionProperties) = preSolution
		HideSolutionNode = FALSE
	EndGlobalSection
	GlobalSection(MonoDevelopProperties) = preSolution
		StartupItem = Assembly-CSharp.csproj
	EndGlobalSection
EndGlobal
